// !$*UTF8*$!
{
	archiveVersion = 1;
	classes = {
	};
	objectVersion = 48;
	objects = {

/* Begin PBXBuildFile section */
		3B17E6002185E36300A145AA /* User.swift in Sources */ = {isa = PBXBuildFile; fileRef = 3B17E5FF2185E36300A145AA /* User.swift */; };
		3B3EBC7B21767F8000E100C1 /* CheckBox.swift in Sources */ = {isa = PBXBuildFile; fileRef = 3B3EBC7921767F8000E100C1 /* CheckBox.swift */; };
		3B3EBC7C21767F8000E100C1 /* DateUtils.swift in Sources */ = {isa = PBXBuildFile; fileRef = 3B3EBC7A21767F8000E100C1 /* DateUtils.swift */; };
		3B3EBC912176806B00E100C1 /* BaseCell.swift in Sources */ = {isa = PBXBuildFile; fileRef = 3B3EBC812176806B00E100C1 /* BaseCell.swift */; };
		3B3EBC922176806B00E100C1 /* ButtonCell.swift in Sources */ = {isa = PBXBuildFile; fileRef = 3B3EBC822176806B00E100C1 /* ButtonCell.swift */; };
		3B3EBC932176806B00E100C1 /* ButtonCell.xib in Resources */ = {isa = PBXBuildFile; fileRef = 3B3EBC832176806B00E100C1 /* ButtonCell.xib */; };
		3B3EBC942176806B00E100C1 /* CellType.swift in Sources */ = {isa = PBXBuildFile; fileRef = 3B3EBC852176806B00E100C1 /* CellType.swift */; };
		3B3EBC952176806B00E100C1 /* DropdownCell.swift in Sources */ = {isa = PBXBuildFile; fileRef = 3B3EBC862176806B00E100C1 /* DropdownCell.swift */; };
		3B3EBC962176806B00E100C1 /* DropdownCell.xib in Resources */ = {isa = PBXBuildFile; fileRef = 3B3EBC872176806B00E100C1 /* DropdownCell.xib */; };
		3B3EBC972176806B00E100C1 /* InputCell.swift in Sources */ = {isa = PBXBuildFile; fileRef = 3B3EBC882176806B00E100C1 /* InputCell.swift */; };
		3B3EBC982176806B00E100C1 /* InputCell.xib in Resources */ = {isa = PBXBuildFile; fileRef = 3B3EBC892176806B00E100C1 /* InputCell.xib */; };
		3B3EBC992176806B00E100C1 /* InputLongCell.swift in Sources */ = {isa = PBXBuildFile; fileRef = 3B3EBC8A2176806B00E100C1 /* InputLongCell.swift */; };
		3B3EBC9A2176806B00E100C1 /* InputLongCell.xib in Resources */ = {isa = PBXBuildFile; fileRef = 3B3EBC8B2176806B00E100C1 /* InputLongCell.xib */; };
		3B3EBC9B2176806B00E100C1 /* ViewCell.swift in Sources */ = {isa = PBXBuildFile; fileRef = 3B3EBC8C2176806B00E100C1 /* ViewCell.swift */; };
		3B3EBC9C2176806B00E100C1 /* ViewCell.xib in Resources */ = {isa = PBXBuildFile; fileRef = 3B3EBC8D2176806B00E100C1 /* ViewCell.xib */; };
		3B3EBC9D2176806B00E100C1 /* UITableView+Extensions.swift in Sources */ = {isa = PBXBuildFile; fileRef = 3B3EBC8F2176806B00E100C1 /* UITableView+Extensions.swift */; };
		3B3EBC9E2176806B00E100C1 /* UITableViewCell+Extensions.swift in Sources */ = {isa = PBXBuildFile; fileRef = 3B3EBC902176806B00E100C1 /* UITableViewCell+Extensions.swift */; };
		3B3EBCA6217688A300E100C1 /* ColorExtension.swift in Sources */ = {isa = PBXBuildFile; fileRef = 3B3EBCA0217688A300E100C1 /* ColorExtension.swift */; };
		3B3EBCA7217688A300E100C1 /* ViewExtension.swift in Sources */ = {isa = PBXBuildFile; fileRef = 3B3EBCA1217688A300E100C1 /* ViewExtension.swift */; };
		3B3EBCA8217688A300E100C1 /* CustomPaddingTF.swift in Sources */ = {isa = PBXBuildFile; fileRef = 3B3EBCA3217688A300E100C1 /* CustomPaddingTF.swift */; };
		3B3EBCA9217688A300E100C1 /* LoaderApp.swift in Sources */ = {isa = PBXBuildFile; fileRef = 3B3EBCA4217688A300E100C1 /* LoaderApp.swift */; };
		3B3EBCAA217688A300E100C1 /* LoaderContainer.swift in Sources */ = {isa = PBXBuildFile; fileRef = 3B3EBCA5217688A300E100C1 /* LoaderContainer.swift */; };
		3B3EBCAE21769AED00E100C1 /* SignUpService.swift in Sources */ = {isa = PBXBuildFile; fileRef = 3B3EBCAD21769AED00E100C1 /* SignUpService.swift */; };
		3B3EBCB021769E4500E100C1 /* AppDelegate+loader.swift in Sources */ = {isa = PBXBuildFile; fileRef = 3B3EBCAF21769E4500E100C1 /* AppDelegate+loader.swift */; };
		3B4FDC902178B76600E73BB7 /* CustomRadioButton.swift in Sources */ = {isa = PBXBuildFile; fileRef = 3B4FDC8F2178B76600E73BB7 /* CustomRadioButton.swift */; };
		3B58D3112168DCE7000041EE /* AppDelegate.swift in Sources */ = {isa = PBXBuildFile; fileRef = 3B58D3102168DCE7000041EE /* AppDelegate.swift */; };
		3B58D3132168DCE7000041EE /* ViewController.swift in Sources */ = {isa = PBXBuildFile; fileRef = 3B58D3122168DCE7000041EE /* ViewController.swift */; };
		3B58D3162168DCE7000041EE /* Main.storyboard in Resources */ = {isa = PBXBuildFile; fileRef = 3B58D3142168DCE7000041EE /* Main.storyboard */; };
		3B58D3192168DCE7000041EE /* InstaShop.xcdatamodeld in Sources */ = {isa = PBXBuildFile; fileRef = 3B58D3172168DCE7000041EE /* InstaShop.xcdatamodeld */; };
		3B58D31B2168DCE8000041EE /* Assets.xcassets in Resources */ = {isa = PBXBuildFile; fileRef = 3B58D31A2168DCE8000041EE /* Assets.xcassets */; };
		3B58D31E2168DCE8000041EE /* LaunchScreen.storyboard in Resources */ = {isa = PBXBuildFile; fileRef = 3B58D31C2168DCE8000041EE /* LaunchScreen.storyboard */; };
		3B74B745216EA1BA004FD12B /* SignUpViewController.swift in Sources */ = {isa = PBXBuildFile; fileRef = 3B74B73C216EA1B9004FD12B /* SignUpViewController.swift */; };
		3B74B746216EA1BA004FD12B /* SignUpViewController.xib in Resources */ = {isa = PBXBuildFile; fileRef = 3B74B73D216EA1B9004FD12B /* SignUpViewController.xib */; };
		3B74B747216EA1BA004FD12B /* bein_ar_black.ttf in Resources */ = {isa = PBXBuildFile; fileRef = 3B74B740216EA1B9004FD12B /* bein_ar_black.ttf */; };
		3B74B748216EA1BA004FD12B /* bein_ar_normal.ttf in Resources */ = {isa = PBXBuildFile; fileRef = 3B74B741216EA1B9004FD12B /* bein_ar_normal.ttf */; };
		3B74B749216EA1BA004FD12B /* calibri.ttf in Resources */ = {isa = PBXBuildFile; fileRef = 3B74B742216EA1B9004FD12B /* calibri.ttf */; };
		3B74B74A216EA1BA004FD12B /* cortoba.ttf in Resources */ = {isa = PBXBuildFile; fileRef = 3B74B743216EA1B9004FD12B /* cortoba.ttf */; };
		3B74B74B216EA1BA004FD12B /* Constants.swift in Sources */ = {isa = PBXBuildFile; fileRef = 3B74B744216EA1B9004FD12B /* Constants.swift */; };
		3B74B752216EA346004FD12B /* Localizable.strings in Resources */ = {isa = PBXBuildFile; fileRef = 3B74B750216EA346004FD12B /* Localizable.strings */; };
		3B74B758216EA70D004FD12B /* Button.swift in Sources */ = {isa = PBXBuildFile; fileRef = 3B74B755216EA70C004FD12B /* Button.swift */; };
		3B74B759216EA70D004FD12B /* Label.swift in Sources */ = {isa = PBXBuildFile; fileRef = 3B74B756216EA70D004FD12B /* Label.swift */; };
		3B74B75A216EA70D004FD12B /* TextField.swift in Sources */ = {isa = PBXBuildFile; fileRef = 3B74B757216EA70D004FD12B /* TextField.swift */; };
		3B74B75C216EA798004FD12B /* LanguageManager.swift in Sources */ = {isa = PBXBuildFile; fileRef = 3B74B75B216EA797004FD12B /* LanguageManager.swift */; };
		3BDD3442217B341A003035CF /* Localizable.swift in Sources */ = {isa = PBXBuildFile; fileRef = 3BDD3441217B341A003035CF /* Localizable.swift */; };
		3BDD3445217B37E2003035CF /* L012Localizer.swift in Sources */ = {isa = PBXBuildFile; fileRef = 3BDD3443217B37E2003035CF /* L012Localizer.swift */; };
		3BDD3446217B37E2003035CF /* L102Language.swift in Sources */ = {isa = PBXBuildFile; fileRef = 3BDD3444217B37E2003035CF /* L102Language.swift */; };
		3BDD344A217B4594003035CF /* AllStoresViewController.swift in Sources */ = {isa = PBXBuildFile; fileRef = 3BDD3448217B4594003035CF /* AllStoresViewController.swift */; };
		3BDD344B217B4594003035CF /* AllStoresViewController.xib in Resources */ = {isa = PBXBuildFile; fileRef = 3BDD3449217B4594003035CF /* AllStoresViewController.xib */; };
		3BDD3451217B48E9003035CF /* BaseViewController.swift in Sources */ = {isa = PBXBuildFile; fileRef = 3BDD3450217B48E9003035CF /* BaseViewController.swift */; };
		3BDD3455217B4AE4003035CF /* GPSViewController.swift in Sources */ = {isa = PBXBuildFile; fileRef = 3BDD3453217B4AE4003035CF /* GPSViewController.swift */; };
		3BDD3456217B4AE4003035CF /* GPSViewController.xib in Resources */ = {isa = PBXBuildFile; fileRef = 3BDD3454217B4AE4003035CF /* GPSViewController.xib */; };
		3DFBD236505E18CD6293B7D8 /* Pods_InstaShop.framework in Frameworks */ = {isa = PBXBuildFile; fileRef = F7C9CE6C4A84D17040A77FE6 /* Pods_InstaShop.framework */; };
		C044D047217D14B700BA2400 /* SignInViewController.swift in Sources */ = {isa = PBXBuildFile; fileRef = C044D046217D14B700BA2400 /* SignInViewController.swift */; };
		C044D049217D14F200BA2400 /* SignInService.swift in Sources */ = {isa = PBXBuildFile; fileRef = C044D048217D14F200BA2400 /* SignInService.swift */; };
		C044D04B217D150700BA2400 /* SignInViewController.xib in Resources */ = {isa = PBXBuildFile; fileRef = C044D04A217D150700BA2400 /* SignInViewController.xib */; };
/* End PBXBuildFile section */

/* Begin PBXFileReference section */
		3B17E5FF2185E36300A145AA /* User.swift */ = {isa = PBXFileReference; lastKnownFileType = sourcecode.swift; path = User.swift; sourceTree = "<group>"; };
		3B3EBC7921767F8000E100C1 /* CheckBox.swift */ = {isa = PBXFileReference; fileEncoding = 4; lastKnownFileType = sourcecode.swift; path = CheckBox.swift; sourceTree = "<group>"; };
		3B3EBC7A21767F8000E100C1 /* DateUtils.swift */ = {isa = PBXFileReference; fileEncoding = 4; lastKnownFileType = sourcecode.swift; path = DateUtils.swift; sourceTree = "<group>"; };
		3B3EBC812176806B00E100C1 /* BaseCell.swift */ = {isa = PBXFileReference; fileEncoding = 4; lastKnownFileType = sourcecode.swift; path = BaseCell.swift; sourceTree = "<group>"; };
		3B3EBC822176806B00E100C1 /* ButtonCell.swift */ = {isa = PBXFileReference; fileEncoding = 4; lastKnownFileType = sourcecode.swift; path = ButtonCell.swift; sourceTree = "<group>"; };
		3B3EBC832176806B00E100C1 /* ButtonCell.xib */ = {isa = PBXFileReference; fileEncoding = 4; lastKnownFileType = file.xib; path = ButtonCell.xib; sourceTree = "<group>"; };
		3B3EBC852176806B00E100C1 /* CellType.swift */ = {isa = PBXFileReference; fileEncoding = 4; lastKnownFileType = sourcecode.swift; path = CellType.swift; sourceTree = "<group>"; };
		3B3EBC862176806B00E100C1 /* DropdownCell.swift */ = {isa = PBXFileReference; fileEncoding = 4; lastKnownFileType = sourcecode.swift; path = DropdownCell.swift; sourceTree = "<group>"; };
		3B3EBC872176806B00E100C1 /* DropdownCell.xib */ = {isa = PBXFileReference; fileEncoding = 4; lastKnownFileType = file.xib; path = DropdownCell.xib; sourceTree = "<group>"; };
		3B3EBC882176806B00E100C1 /* InputCell.swift */ = {isa = PBXFileReference; fileEncoding = 4; lastKnownFileType = sourcecode.swift; path = InputCell.swift; sourceTree = "<group>"; };
		3B3EBC892176806B00E100C1 /* InputCell.xib */ = {isa = PBXFileReference; fileEncoding = 4; lastKnownFileType = file.xib; path = InputCell.xib; sourceTree = "<group>"; };
		3B3EBC8A2176806B00E100C1 /* InputLongCell.swift */ = {isa = PBXFileReference; fileEncoding = 4; lastKnownFileType = sourcecode.swift; path = InputLongCell.swift; sourceTree = "<group>"; };
		3B3EBC8B2176806B00E100C1 /* InputLongCell.xib */ = {isa = PBXFileReference; fileEncoding = 4; lastKnownFileType = file.xib; path = InputLongCell.xib; sourceTree = "<group>"; };
		3B3EBC8C2176806B00E100C1 /* ViewCell.swift */ = {isa = PBXFileReference; fileEncoding = 4; lastKnownFileType = sourcecode.swift; path = ViewCell.swift; sourceTree = "<group>"; };
		3B3EBC8D2176806B00E100C1 /* ViewCell.xib */ = {isa = PBXFileReference; fileEncoding = 4; lastKnownFileType = file.xib; path = ViewCell.xib; sourceTree = "<group>"; };
		3B3EBC8F2176806B00E100C1 /* UITableView+Extensions.swift */ = {isa = PBXFileReference; fileEncoding = 4; lastKnownFileType = sourcecode.swift; path = "UITableView+Extensions.swift"; sourceTree = "<group>"; };
		3B3EBC902176806B00E100C1 /* UITableViewCell+Extensions.swift */ = {isa = PBXFileReference; fileEncoding = 4; lastKnownFileType = sourcecode.swift; path = "UITableViewCell+Extensions.swift"; sourceTree = "<group>"; };
		3B3EBCA0217688A300E100C1 /* ColorExtension.swift */ = {isa = PBXFileReference; fileEncoding = 4; lastKnownFileType = sourcecode.swift; path = ColorExtension.swift; sourceTree = "<group>"; };
		3B3EBCA1217688A300E100C1 /* ViewExtension.swift */ = {isa = PBXFileReference; fileEncoding = 4; lastKnownFileType = sourcecode.swift; path = ViewExtension.swift; sourceTree = "<group>"; };
		3B3EBCA3217688A300E100C1 /* CustomPaddingTF.swift */ = {isa = PBXFileReference; fileEncoding = 4; lastKnownFileType = sourcecode.swift; path = CustomPaddingTF.swift; sourceTree = "<group>"; };
		3B3EBCA4217688A300E100C1 /* LoaderApp.swift */ = {isa = PBXFileReference; fileEncoding = 4; lastKnownFileType = sourcecode.swift; path = LoaderApp.swift; sourceTree = "<group>"; };
		3B3EBCA5217688A300E100C1 /* LoaderContainer.swift */ = {isa = PBXFileReference; fileEncoding = 4; lastKnownFileType = sourcecode.swift; path = LoaderContainer.swift; sourceTree = "<group>"; };
		3B3EBCAD21769AED00E100C1 /* SignUpService.swift */ = {isa = PBXFileReference; lastKnownFileType = sourcecode.swift; path = SignUpService.swift; sourceTree = "<group>"; };
		3B3EBCAF21769E4500E100C1 /* AppDelegate+loader.swift */ = {isa = PBXFileReference; fileEncoding = 4; lastKnownFileType = sourcecode.swift; path = "AppDelegate+loader.swift"; sourceTree = "<group>"; };
		3B4FDC8F2178B76600E73BB7 /* CustomRadioButton.swift */ = {isa = PBXFileReference; lastKnownFileType = sourcecode.swift; path = CustomRadioButton.swift; sourceTree = "<group>"; };
		3B58D30D2168DCE7000041EE /* InstaShop.app */ = {isa = PBXFileReference; explicitFileType = wrapper.application; includeInIndex = 0; path = InstaShop.app; sourceTree = BUILT_PRODUCTS_DIR; };
		3B58D3102168DCE7000041EE /* AppDelegate.swift */ = {isa = PBXFileReference; lastKnownFileType = sourcecode.swift; path = AppDelegate.swift; sourceTree = "<group>"; };
		3B58D3122168DCE7000041EE /* ViewController.swift */ = {isa = PBXFileReference; lastKnownFileType = sourcecode.swift; path = ViewController.swift; sourceTree = "<group>"; };
		3B58D3152168DCE7000041EE /* Base */ = {isa = PBXFileReference; lastKnownFileType = file.storyboard; name = Base; path = Base.lproj/Main.storyboard; sourceTree = "<group>"; };
		3B58D3182168DCE7000041EE /* InstaShop.xcdatamodel */ = {isa = PBXFileReference; lastKnownFileType = wrapper.xcdatamodel; path = InstaShop.xcdatamodel; sourceTree = "<group>"; };
		3B58D31A2168DCE8000041EE /* Assets.xcassets */ = {isa = PBXFileReference; lastKnownFileType = folder.assetcatalog; path = Assets.xcassets; sourceTree = "<group>"; };
		3B58D31D2168DCE8000041EE /* Base */ = {isa = PBXFileReference; lastKnownFileType = file.storyboard; name = Base; path = Base.lproj/LaunchScreen.storyboard; sourceTree = "<group>"; };
		3B58D31F2168DCE8000041EE /* Info.plist */ = {isa = PBXFileReference; lastKnownFileType = text.plist.xml; path = Info.plist; sourceTree = "<group>"; };
		3B74B73C216EA1B9004FD12B /* SignUpViewController.swift */ = {isa = PBXFileReference; fileEncoding = 4; lastKnownFileType = sourcecode.swift; path = SignUpViewController.swift; sourceTree = "<group>"; };
		3B74B73D216EA1B9004FD12B /* SignUpViewController.xib */ = {isa = PBXFileReference; fileEncoding = 4; lastKnownFileType = file.xib; path = SignUpViewController.xib; sourceTree = "<group>"; };
		3B74B740216EA1B9004FD12B /* bein_ar_black.ttf */ = {isa = PBXFileReference; lastKnownFileType = file; path = bein_ar_black.ttf; sourceTree = "<group>"; };
		3B74B741216EA1B9004FD12B /* bein_ar_normal.ttf */ = {isa = PBXFileReference; lastKnownFileType = file; path = bein_ar_normal.ttf; sourceTree = "<group>"; };
		3B74B742216EA1B9004FD12B /* calibri.ttf */ = {isa = PBXFileReference; lastKnownFileType = file; path = calibri.ttf; sourceTree = "<group>"; };
		3B74B743216EA1B9004FD12B /* cortoba.ttf */ = {isa = PBXFileReference; lastKnownFileType = file; path = cortoba.ttf; sourceTree = "<group>"; };
		3B74B744216EA1B9004FD12B /* Constants.swift */ = {isa = PBXFileReference; fileEncoding = 4; lastKnownFileType = sourcecode.swift; path = Constants.swift; sourceTree = "<group>"; };
		3B74B74C216EA2A7004FD12B /* ar */ = {isa = PBXFileReference; lastKnownFileType = text.plist.strings; name = ar; path = ar.lproj/Main.strings; sourceTree = "<group>"; };
		3B74B74D216EA2A7004FD12B /* ar */ = {isa = PBXFileReference; lastKnownFileType = text.plist.strings; name = ar; path = ar.lproj/LaunchScreen.strings; sourceTree = "<group>"; };
		3B74B751216EA346004FD12B /* Base */ = {isa = PBXFileReference; lastKnownFileType = text.plist.strings; name = Base; path = Base.lproj/Localizable.strings; sourceTree = "<group>"; };
		3B74B753216EA36F004FD12B /* ar */ = {isa = PBXFileReference; lastKnownFileType = text.plist.strings; name = ar; path = ar.lproj/Localizable.strings; sourceTree = "<group>"; };
		3B74B755216EA70C004FD12B /* Button.swift */ = {isa = PBXFileReference; fileEncoding = 4; lastKnownFileType = sourcecode.swift; path = Button.swift; sourceTree = "<group>"; };
		3B74B756216EA70D004FD12B /* Label.swift */ = {isa = PBXFileReference; fileEncoding = 4; lastKnownFileType = sourcecode.swift; path = Label.swift; sourceTree = "<group>"; };
		3B74B757216EA70D004FD12B /* TextField.swift */ = {isa = PBXFileReference; fileEncoding = 4; lastKnownFileType = sourcecode.swift; path = TextField.swift; sourceTree = "<group>"; };
		3B74B75B216EA797004FD12B /* LanguageManager.swift */ = {isa = PBXFileReference; fileEncoding = 4; lastKnownFileType = sourcecode.swift; path = LanguageManager.swift; sourceTree = "<group>"; };
		3BDD3441217B341A003035CF /* Localizable.swift */ = {isa = PBXFileReference; lastKnownFileType = sourcecode.swift; path = Localizable.swift; sourceTree = "<group>"; };
		3BDD3443217B37E2003035CF /* L012Localizer.swift */ = {isa = PBXFileReference; fileEncoding = 4; lastKnownFileType = sourcecode.swift; path = L012Localizer.swift; sourceTree = "<group>"; };
		3BDD3444217B37E2003035CF /* L102Language.swift */ = {isa = PBXFileReference; fileEncoding = 4; lastKnownFileType = sourcecode.swift; path = L102Language.swift; sourceTree = "<group>"; };
		3BDD3448217B4594003035CF /* AllStoresViewController.swift */ = {isa = PBXFileReference; lastKnownFileType = sourcecode.swift; path = AllStoresViewController.swift; sourceTree = "<group>"; };
		3BDD3449217B4594003035CF /* AllStoresViewController.xib */ = {isa = PBXFileReference; lastKnownFileType = file.xib; path = AllStoresViewController.xib; sourceTree = "<group>"; };
		3BDD3450217B48E9003035CF /* BaseViewController.swift */ = {isa = PBXFileReference; lastKnownFileType = sourcecode.swift; path = BaseViewController.swift; sourceTree = "<group>"; };
		3BDD3453217B4AE4003035CF /* GPSViewController.swift */ = {isa = PBXFileReference; lastKnownFileType = sourcecode.swift; path = GPSViewController.swift; sourceTree = "<group>"; };
		3BDD3454217B4AE4003035CF /* GPSViewController.xib */ = {isa = PBXFileReference; lastKnownFileType = file.xib; path = GPSViewController.xib; sourceTree = "<group>"; };
		78DFA8D25F36A48F1286D3C9 /* Pods-InstaShop.debug.xcconfig */ = {isa = PBXFileReference; includeInIndex = 1; lastKnownFileType = text.xcconfig; name = "Pods-InstaShop.debug.xcconfig"; path = "Pods/Target Support Files/Pods-InstaShop/Pods-InstaShop.debug.xcconfig"; sourceTree = "<group>"; };
		AD8280C117EEE7BABF2F32BA /* Pods-InstaShop.release.xcconfig */ = {isa = PBXFileReference; includeInIndex = 1; lastKnownFileType = text.xcconfig; name = "Pods-InstaShop.release.xcconfig"; path = "Pods/Target Support Files/Pods-InstaShop/Pods-InstaShop.release.xcconfig"; sourceTree = "<group>"; };
		C044D046217D14B700BA2400 /* SignInViewController.swift */ = {isa = PBXFileReference; lastKnownFileType = sourcecode.swift; path = SignInViewController.swift; sourceTree = "<group>"; };
		C044D048217D14F200BA2400 /* SignInService.swift */ = {isa = PBXFileReference; lastKnownFileType = sourcecode.swift; path = SignInService.swift; sourceTree = "<group>"; };
		C044D04A217D150700BA2400 /* SignInViewController.xib */ = {isa = PBXFileReference; lastKnownFileType = file.xib; path = SignInViewController.xib; sourceTree = "<group>"; };
		F7C9CE6C4A84D17040A77FE6 /* Pods_InstaShop.framework */ = {isa = PBXFileReference; explicitFileType = wrapper.framework; includeInIndex = 0; path = Pods_InstaShop.framework; sourceTree = BUILT_PRODUCTS_DIR; };
/* End PBXFileReference section */

/* Begin PBXFrameworksBuildPhase section */
		3B58D30A2168DCE7000041EE /* Frameworks */ = {
			isa = PBXFrameworksBuildPhase;
			buildActionMask = 2147483647;
			files = (
				3DFBD236505E18CD6293B7D8 /* Pods_InstaShop.framework in Frameworks */,
			);
			runOnlyForDeploymentPostprocessing = 0;
		};
/* End PBXFrameworksBuildPhase section */

/* Begin PBXGroup section */
		2FEAFC8981649959EFC9677B /* Pods */ = {
			isa = PBXGroup;
			children = (
				78DFA8D25F36A48F1286D3C9 /* Pods-InstaShop.debug.xcconfig */,
				AD8280C117EEE7BABF2F32BA /* Pods-InstaShop.release.xcconfig */,
			);
			name = Pods;
			sourceTree = "<group>";
		};
		3B17E5FE2185E34600A145AA /* Models */ = {
			isa = PBXGroup;
			children = (
				3B17E5FF2185E36300A145AA /* User.swift */,
			);
			path = Models;
			sourceTree = "<group>";
		};
		3B3EBC7821767F4100E100C1 /* Utilities */ = {
			isa = PBXGroup;
			children = (
				3BDD3443217B37E2003035CF /* L012Localizer.swift */,
				3BDD3444217B37E2003035CF /* L102Language.swift */,
				3B3EBCA2217688A300E100C1 /* CustomViews */,
				3B3EBC9F217688A300E100C1 /* Extensions */,
				3B3EBC7921767F8000E100C1 /* CheckBox.swift */,
				3B3EBC7A21767F8000E100C1 /* DateUtils.swift */,
			);
			path = Utilities;
			sourceTree = "<group>";
		};
		3B3EBC7F2176806B00E100C1 /* MultipleCells */ = {
			isa = PBXGroup;
			children = (
				3B3EBC802176806B00E100C1 /* Cells */,
				3B3EBC8E2176806B00E100C1 /* Extensions */,
			);
			path = MultipleCells;
			sourceTree = "<group>";
		};
		3B3EBC802176806B00E100C1 /* Cells */ = {
			isa = PBXGroup;
			children = (
				3B3EBC812176806B00E100C1 /* BaseCell.swift */,
				3B3EBC822176806B00E100C1 /* ButtonCell.swift */,
				3B3EBC832176806B00E100C1 /* ButtonCell.xib */,
				3B3EBC842176806B00E100C1 /* CellType */,
				3B3EBC862176806B00E100C1 /* DropdownCell.swift */,
				3B3EBC872176806B00E100C1 /* DropdownCell.xib */,
				3B3EBC882176806B00E100C1 /* InputCell.swift */,
				3B3EBC892176806B00E100C1 /* InputCell.xib */,
				3B3EBC8A2176806B00E100C1 /* InputLongCell.swift */,
				3B3EBC8B2176806B00E100C1 /* InputLongCell.xib */,
				3B3EBC8C2176806B00E100C1 /* ViewCell.swift */,
				3B3EBC8D2176806B00E100C1 /* ViewCell.xib */,
			);
			path = Cells;
			sourceTree = "<group>";
		};
		3B3EBC842176806B00E100C1 /* CellType */ = {
			isa = PBXGroup;
			children = (
				3B3EBC852176806B00E100C1 /* CellType.swift */,
			);
			path = CellType;
			sourceTree = "<group>";
		};
		3B3EBC8E2176806B00E100C1 /* Extensions */ = {
			isa = PBXGroup;
			children = (
				3B3EBC8F2176806B00E100C1 /* UITableView+Extensions.swift */,
				3B3EBC902176806B00E100C1 /* UITableViewCell+Extensions.swift */,
			);
			path = Extensions;
			sourceTree = "<group>";
		};
		3B3EBC9F217688A300E100C1 /* Extensions */ = {
			isa = PBXGroup;
			children = (
				3B3EBCA0217688A300E100C1 /* ColorExtension.swift */,
				3B3EBCA1217688A300E100C1 /* ViewExtension.swift */,
			);
			path = Extensions;
			sourceTree = "<group>";
		};
		3B3EBCA2217688A300E100C1 /* CustomViews */ = {
			isa = PBXGroup;
			children = (
				3B3EBCA3217688A300E100C1 /* CustomPaddingTF.swift */,
				3B3EBCA4217688A300E100C1 /* LoaderApp.swift */,
				3B3EBCA5217688A300E100C1 /* LoaderContainer.swift */,
			);
			path = CustomViews;
			sourceTree = "<group>";
		};
		3B58D3042168DCE7000041EE = {
			isa = PBXGroup;
			children = (
				3B58D30F2168DCE7000041EE /* InstaShop */,
				3B58D30E2168DCE7000041EE /* Products */,
				2FEAFC8981649959EFC9677B /* Pods */,
				72D81F363F081373B88A1E9B /* Frameworks */,
			);
			sourceTree = "<group>";
		};
		3B58D30E2168DCE7000041EE /* Products */ = {
			isa = PBXGroup;
			children = (
				3B58D30D2168DCE7000041EE /* InstaShop.app */,
			);
			name = Products;
			sourceTree = "<group>";
		};
		3B58D30F2168DCE7000041EE /* InstaShop */ = {
			isa = PBXGroup;
			children = (
				3B17E5FE2185E34600A145AA /* Models */,
				3BDD3452217B4AC0003035CF /* GPS */,
				3BDD3447217B4564003035CF /* Stores */,
				3B3EBC7F2176806B00E100C1 /* MultipleCells */,
				3B3EBC7821767F4100E100C1 /* Utilities */,
				3B74B754216EA6D8004FD12B /* Component */,
				3B74B73A216EA1B9004FD12B /* Authentication */,
				3B74B744216EA1B9004FD12B /* Constants.swift */,
				3B74B73E216EA1B9004FD12B /* Ressources */,
				3B58D3102168DCE7000041EE /* AppDelegate.swift */,
				3B3EBCAF21769E4500E100C1 /* AppDelegate+loader.swift */,
				3B58D3122168DCE7000041EE /* ViewController.swift */,
				3B58D3142168DCE7000041EE /* Main.storyboard */,
				3B58D31A2168DCE8000041EE /* Assets.xcassets */,
				3B58D31C2168DCE8000041EE /* LaunchScreen.storyboard */,
				3B58D31F2168DCE8000041EE /* Info.plist */,
				3B58D3172168DCE7000041EE /* InstaShop.xcdatamodeld */,
				3B74B750216EA346004FD12B /* Localizable.strings */,
				3BDD3441217B341A003035CF /* Localizable.swift */,
				3BDD3450217B48E9003035CF /* BaseViewController.swift */,
			);
			path = InstaShop;
			sourceTree = "<group>";
		};
		3B74B73A216EA1B9004FD12B /* Authentication */ = {
			isa = PBXGroup;
			children = (
				C044D045217D13D400BA2400 /* SignIn */,
				3B74B73B216EA1B9004FD12B /* SignUp */,
			);
			path = Authentication;
			sourceTree = "<group>";
		};
		3B74B73B216EA1B9004FD12B /* SignUp */ = {
			isa = PBXGroup;
			children = (
				3B74B73C216EA1B9004FD12B /* SignUpViewController.swift */,
				3B74B73D216EA1B9004FD12B /* SignUpViewController.xib */,
				3B3EBCAD21769AED00E100C1 /* SignUpService.swift */,
			);
			path = SignUp;
			sourceTree = "<group>";
		};
		3B74B73E216EA1B9004FD12B /* Ressources */ = {
			isa = PBXGroup;
			children = (
				3B74B73F216EA1B9004FD12B /* fonts */,
			);
			path = Ressources;
			sourceTree = "<group>";
		};
		3B74B73F216EA1B9004FD12B /* fonts */ = {
			isa = PBXGroup;
			children = (
				3B74B740216EA1B9004FD12B /* bein_ar_black.ttf */,
				3B74B741216EA1B9004FD12B /* bein_ar_normal.ttf */,
				3B74B742216EA1B9004FD12B /* calibri.ttf */,
				3B74B743216EA1B9004FD12B /* cortoba.ttf */,
			);
			path = fonts;
			sourceTree = "<group>";
		};
		3B74B754216EA6D8004FD12B /* Component */ = {
			isa = PBXGroup;
			children = (
				3B74B75B216EA797004FD12B /* LanguageManager.swift */,
				3B74B755216EA70C004FD12B /* Button.swift */,
				3B74B756216EA70D004FD12B /* Label.swift */,
				3B74B757216EA70D004FD12B /* TextField.swift */,
				3B4FDC8F2178B76600E73BB7 /* CustomRadioButton.swift */,
			);
			path = Component;
			sourceTree = "<group>";
		};
		3BDD3447217B4564003035CF /* Stores */ = {
			isa = PBXGroup;
			children = (
				3BDD3448217B4594003035CF /* AllStoresViewController.swift */,
				3BDD3449217B4594003035CF /* AllStoresViewController.xib */,
			);
			path = Stores;
			sourceTree = "<group>";
		};
		3BDD3452217B4AC0003035CF /* GPS */ = {
			isa = PBXGroup;
			children = (
				3BDD3453217B4AE4003035CF /* GPSViewController.swift */,
				3BDD3454217B4AE4003035CF /* GPSViewController.xib */,
			);
			path = GPS;
			sourceTree = "<group>";
		};
		72D81F363F081373B88A1E9B /* Frameworks */ = {
			isa = PBXGroup;
			children = (
				F7C9CE6C4A84D17040A77FE6 /* Pods_InstaShop.framework */,
			);
			name = Frameworks;
			sourceTree = "<group>";
		};
		C044D045217D13D400BA2400 /* SignIn */ = {
			isa = PBXGroup;
			children = (
				C044D046217D14B700BA2400 /* SignInViewController.swift */,
				C044D048217D14F200BA2400 /* SignInService.swift */,
				C044D04A217D150700BA2400 /* SignInViewController.xib */,
			);
			path = SignIn;
			sourceTree = "<group>";
		};
/* End PBXGroup section */

/* Begin PBXNativeTarget section */
		3B58D30C2168DCE7000041EE /* InstaShop */ = {
			isa = PBXNativeTarget;
			buildConfigurationList = 3B58D3222168DCE8000041EE /* Build configuration list for PBXNativeTarget "InstaShop" */;
			buildPhases = (
				F8E2FA0A5A1384B8DC5F48DA /* [CP] Check Pods Manifest.lock */,
				3B58D3092168DCE7000041EE /* Sources */,
				3B58D30A2168DCE7000041EE /* Frameworks */,
				3B58D30B2168DCE7000041EE /* Resources */,
				F1D21C90512F4FB513B35233 /* [CP] Embed Pods Frameworks */,
			);
			buildRules = (
			);
			dependencies = (
			);
			name = InstaShop;
			productName = InstaShop;
			productReference = 3B58D30D2168DCE7000041EE /* InstaShop.app */;
			productType = "com.apple.product-type.application";
		};
/* End PBXNativeTarget section */

/* Begin PBXProject section */
		3B58D3052168DCE7000041EE /* Project object */ = {
			isa = PBXProject;
			attributes = {
				LastSwiftUpdateCheck = 0920;
				LastUpgradeCheck = 0920;
				ORGANIZATIONNAME = "Ahmed Mh";
				TargetAttributes = {
					3B58D30C2168DCE7000041EE = {
						CreatedOnToolsVersion = 9.2;
						ProvisioningStyle = Automatic;
					};
				};
			};
			buildConfigurationList = 3B58D3082168DCE7000041EE /* Build configuration list for PBXProject "InstaShop" */;
			compatibilityVersion = "Xcode 8.0";
			developmentRegion = en;
			hasScannedForEncodings = 0;
			knownRegions = (
				en,
				Base,
				ar,
			);
			mainGroup = 3B58D3042168DCE7000041EE;
			productRefGroup = 3B58D30E2168DCE7000041EE /* Products */;
			projectDirPath = "";
			projectRoot = "";
			targets = (
				3B58D30C2168DCE7000041EE /* InstaShop */,
			);
		};
/* End PBXProject section */

/* Begin PBXResourcesBuildPhase section */
		3B58D30B2168DCE7000041EE /* Resources */ = {
			isa = PBXResourcesBuildPhase;
			buildActionMask = 2147483647;
			files = (
				3BDD344B217B4594003035CF /* AllStoresViewController.xib in Resources */,
				3B3EBC962176806B00E100C1 /* DropdownCell.xib in Resources */,
				3B74B749216EA1BA004FD12B /* calibri.ttf in Resources */,
				3B3EBC9C2176806B00E100C1 /* ViewCell.xib in Resources */,
				3B3EBC982176806B00E100C1 /* InputCell.xib in Resources */,
				3B74B74A216EA1BA004FD12B /* cortoba.ttf in Resources */,
				C044D04B217D150700BA2400 /* SignInViewController.xib in Resources */,
				3B74B748216EA1BA004FD12B /* bein_ar_normal.ttf in Resources */,
				3B58D31E2168DCE8000041EE /* LaunchScreen.storyboard in Resources */,
				3B74B752216EA346004FD12B /* Localizable.strings in Resources */,
				3B3EBC9A2176806B00E100C1 /* InputLongCell.xib in Resources */,
				3B74B747216EA1BA004FD12B /* bein_ar_black.ttf in Resources */,
				3B58D31B2168DCE8000041EE /* Assets.xcassets in Resources */,
				3B3EBC932176806B00E100C1 /* ButtonCell.xib in Resources */,
				3B74B746216EA1BA004FD12B /* SignUpViewController.xib in Resources */,
				3B58D3162168DCE7000041EE /* Main.storyboard in Resources */,
				3BDD3456217B4AE4003035CF /* GPSViewController.xib in Resources */,
			);
			runOnlyForDeploymentPostprocessing = 0;
		};
/* End PBXResourcesBuildPhase section */

/* Begin PBXShellScriptBuildPhase section */
		F1D21C90512F4FB513B35233 /* [CP] Embed Pods Frameworks */ = {
			isa = PBXShellScriptBuildPhase;
			buildActionMask = 2147483647;
			files = (
			);
			inputPaths = (
				"${SRCROOT}/Pods/Target Support Files/Pods-InstaShop/Pods-InstaShop-frameworks.sh",
				"${BUILT_PRODUCTS_DIR}/Alamofire/Alamofire.framework",
				"${BUILT_PRODUCTS_DIR}/DLRadioButton/DLRadioButton.framework",
				"${BUILT_PRODUCTS_DIR}/LGSideMenuController/LGSideMenuController.framework",
				"${BUILT_PRODUCTS_DIR}/ObjectMapper/ObjectMapper.framework",
			);
			name = "[CP] Embed Pods Frameworks";
			outputPaths = (
				"${TARGET_BUILD_DIR}/${FRAMEWORKS_FOLDER_PATH}/Alamofire.framework",
				"${TARGET_BUILD_DIR}/${FRAMEWORKS_FOLDER_PATH}/DLRadioButton.framework",
				"${TARGET_BUILD_DIR}/${FRAMEWORKS_FOLDER_PATH}/LGSideMenuController.framework",
				"${TARGET_BUILD_DIR}/${FRAMEWORKS_FOLDER_PATH}/ObjectMapper.framework",
			);
			runOnlyForDeploymentPostprocessing = 0;
			shellPath = /bin/sh;
			shellScript = "\"${SRCROOT}/Pods/Target Support Files/Pods-InstaShop/Pods-InstaShop-frameworks.sh\"\n";
			showEnvVarsInLog = 0;
		};
		F8E2FA0A5A1384B8DC5F48DA /* [CP] Check Pods Manifest.lock */ = {
			isa = PBXShellScriptBuildPhase;
			buildActionMask = 2147483647;
			files = (
			);
			inputPaths = (
				"${PODS_PODFILE_DIR_PATH}/Podfile.lock",
				"${PODS_ROOT}/Manifest.lock",
			);
			name = "[CP] Check Pods Manifest.lock";
			outputPaths = (
				"$(DERIVED_FILE_DIR)/Pods-InstaShop-checkManifestLockResult.txt",
			);
			runOnlyForDeploymentPostprocessing = 0;
			shellPath = /bin/sh;
			shellScript = "diff \"${PODS_PODFILE_DIR_PATH}/Podfile.lock\" \"${PODS_ROOT}/Manifest.lock\" > /dev/null\nif [ $? != 0 ] ; then\n    # print error to STDERR\n    echo \"error: The sandbox is not in sync with the Podfile.lock. Run 'pod install' or update your CocoaPods installation.\" >&2\n    exit 1\nfi\n# This output is used by Xcode 'outputs' to avoid re-running this script phase.\necho \"SUCCESS\" > \"${SCRIPT_OUTPUT_FILE_0}\"\n";
			showEnvVarsInLog = 0;
		};
/* End PBXShellScriptBuildPhase section */

/* Begin PBXSourcesBuildPhase section */
		3B58D3092168DCE7000041EE /* Sources */ = {
			isa = PBXSourcesBuildPhase;
			buildActionMask = 2147483647;
			files = (
				3B3EBC7C21767F8000E100C1 /* DateUtils.swift in Sources */,
				3B3EBC922176806B00E100C1 /* ButtonCell.swift in Sources */,
				3BDD3451217B48E9003035CF /* BaseViewController.swift in Sources */,
				3B3EBC992176806B00E100C1 /* InputLongCell.swift in Sources */,
				3B74B74B216EA1BA004FD12B /* Constants.swift in Sources */,
				3BDD344A217B4594003035CF /* AllStoresViewController.swift in Sources */,
				3BDD3445217B37E2003035CF /* L012Localizer.swift in Sources */,
				3B74B758216EA70D004FD12B /* Button.swift in Sources */,
				3B3EBCB021769E4500E100C1 /* AppDelegate+loader.swift in Sources */,
				3B3EBC952176806B00E100C1 /* DropdownCell.swift in Sources */,
				3B3EBCA7217688A300E100C1 /* ViewExtension.swift in Sources */,
				3B4FDC902178B76600E73BB7 /* CustomRadioButton.swift in Sources */,
				3B3EBC9B2176806B00E100C1 /* ViewCell.swift in Sources */,
				3B58D3132168DCE7000041EE /* ViewController.swift in Sources */,
				3B3EBC912176806B00E100C1 /* BaseCell.swift in Sources */,
				3B3EBCA9217688A300E100C1 /* LoaderApp.swift in Sources */,
				3B74B75A216EA70D004FD12B /* TextField.swift in Sources */,
				3B3EBC7B21767F8000E100C1 /* CheckBox.swift in Sources */,
				3BDD3446217B37E2003035CF /* L102Language.swift in Sources */,
				3BDD3455217B4AE4003035CF /* GPSViewController.swift in Sources */,
				3B58D3192168DCE7000041EE /* InstaShop.xcdatamodeld in Sources */,
				3B3EBCA6217688A300E100C1 /* ColorExtension.swift in Sources */,
				3B3EBC972176806B00E100C1 /* InputCell.swift in Sources */,
				3B17E6002185E36300A145AA /* User.swift in Sources */,
				3B3EBCAE21769AED00E100C1 /* SignUpService.swift in Sources */,
				3B74B745216EA1BA004FD12B /* SignUpViewController.swift in Sources */,
				3B74B75C216EA798004FD12B /* LanguageManager.swift in Sources */,
				3BDD3442217B341A003035CF /* Localizable.swift in Sources */,
				C044D049217D14F200BA2400 /* SignInService.swift in Sources */,
				3B3EBC9D2176806B00E100C1 /* UITableView+Extensions.swift in Sources */,
				C044D047217D14B700BA2400 /* SignInViewController.swift in Sources */,
				3B3EBC942176806B00E100C1 /* CellType.swift in Sources */,
				3B74B759216EA70D004FD12B /* Label.swift in Sources */,
				3B3EBC9E2176806B00E100C1 /* UITableViewCell+Extensions.swift in Sources */,
				3B58D3112168DCE7000041EE /* AppDelegate.swift in Sources */,
				3B3EBCAA217688A300E100C1 /* LoaderContainer.swift in Sources */,
				3B3EBCA8217688A300E100C1 /* CustomPaddingTF.swift in Sources */,
			);
			runOnlyForDeploymentPostprocessing = 0;
		};
/* End PBXSourcesBuildPhase section */

/* Begin PBXVariantGroup section */
		3B58D3142168DCE7000041EE /* Main.storyboard */ = {
			isa = PBXVariantGroup;
			children = (
				3B58D3152168DCE7000041EE /* Base */,
				3B74B74C216EA2A7004FD12B /* ar */,
			);
			name = Main.storyboard;
			sourceTree = "<group>";
		};
		3B58D31C2168DCE8000041EE /* LaunchScreen.storyboard */ = {
			isa = PBXVariantGroup;
			children = (
				3B58D31D2168DCE8000041EE /* Base */,
				3B74B74D216EA2A7004FD12B /* ar */,
			);
			name = LaunchScreen.storyboard;
			sourceTree = "<group>";
		};
		3B74B750216EA346004FD12B /* Localizable.strings */ = {
			isa = PBXVariantGroup;
			children = (
				3B74B751216EA346004FD12B /* Base */,
				3B74B753216EA36F004FD12B /* ar */,
			);
			name = Localizable.strings;
			sourceTree = "<group>";
		};
/* End PBXVariantGroup section */

/* Begin XCBuildConfiguration section */
		3B58D3202168DCE8000041EE /* Debug */ = {
			isa = XCBuildConfiguration;
			buildSettings = {
				ALWAYS_SEARCH_USER_PATHS = NO;
				CLANG_ANALYZER_LOCALIZABILITY_NONLOCALIZED = YES;
				CLANG_ANALYZER_NONNULL = YES;
				CLANG_ANALYZER_NUMBER_OBJECT_CONVERSION = YES_AGGRESSIVE;
				CLANG_CXX_LANGUAGE_STANDARD = "gnu++14";
				CLANG_CXX_LIBRARY = "libc++";
				CLANG_ENABLE_MODULES = YES;
				CLANG_ENABLE_OBJC_ARC = YES;
				CLANG_WARN_BLOCK_CAPTURE_AUTORELEASING = YES;
				CLANG_WARN_BOOL_CONVERSION = YES;
				CLANG_WARN_COMMA = YES;
				CLANG_WARN_CONSTANT_CONVERSION = YES;
				CLANG_WARN_DIRECT_OBJC_ISA_USAGE = YES_ERROR;
				CLANG_WARN_DOCUMENTATION_COMMENTS = YES;
				CLANG_WARN_EMPTY_BODY = YES;
				CLANG_WARN_ENUM_CONVERSION = YES;
				CLANG_WARN_INFINITE_RECURSION = YES;
				CLANG_WARN_INT_CONVERSION = YES;
				CLANG_WARN_NON_LITERAL_NULL_CONVERSION = YES;
				CLANG_WARN_OBJC_LITERAL_CONVERSION = YES;
				CLANG_WARN_OBJC_ROOT_CLASS = YES_ERROR;
				CLANG_WARN_RANGE_LOOP_ANALYSIS = YES;
				CLANG_WARN_STRICT_PROTOTYPES = YES;
				CLANG_WARN_SUSPICIOUS_MOVE = YES;
				CLANG_WARN_UNGUARDED_AVAILABILITY = YES_AGGRESSIVE;
				CLANG_WARN_UNREACHABLE_CODE = YES;
				CLANG_WARN__DUPLICATE_METHOD_MATCH = YES;
				CODE_SIGN_IDENTITY = "iPhone Developer";
				COPY_PHASE_STRIP = NO;
				DEBUG_INFORMATION_FORMAT = dwarf;
				ENABLE_STRICT_OBJC_MSGSEND = YES;
				ENABLE_TESTABILITY = YES;
				GCC_C_LANGUAGE_STANDARD = gnu11;
				GCC_DYNAMIC_NO_PIC = NO;
				GCC_NO_COMMON_BLOCKS = YES;
				GCC_OPTIMIZATION_LEVEL = 0;
				GCC_PREPROCESSOR_DEFINITIONS = (
					"DEBUG=1",
					"$(inherited)",
				);
				GCC_WARN_64_TO_32_BIT_CONVERSION = YES;
				GCC_WARN_ABOUT_RETURN_TYPE = YES_ERROR;
				GCC_WARN_UNDECLARED_SELECTOR = YES;
				GCC_WARN_UNINITIALIZED_AUTOS = YES_AGGRESSIVE;
				GCC_WARN_UNUSED_FUNCTION = YES;
				GCC_WARN_UNUSED_VARIABLE = YES;
				IPHONEOS_DEPLOYMENT_TARGET = 11.2;
				MTL_ENABLE_DEBUG_INFO = YES;
				ONLY_ACTIVE_ARCH = YES;
				SDKROOT = iphoneos;
				SWIFT_ACTIVE_COMPILATION_CONDITIONS = DEBUG;
				SWIFT_OPTIMIZATION_LEVEL = "-Onone";
			};
			name = Debug;
		};
		3B58D3212168DCE8000041EE /* Release */ = {
			isa = XCBuildConfiguration;
			buildSettings = {
				ALWAYS_SEARCH_USER_PATHS = NO;
				CLANG_ANALYZER_LOCALIZABILITY_NONLOCALIZED = YES;
				CLANG_ANALYZER_NONNULL = YES;
				CLANG_ANALYZER_NUMBER_OBJECT_CONVERSION = YES_AGGRESSIVE;
				CLANG_CXX_LANGUAGE_STANDARD = "gnu++14";
				CLANG_CXX_LIBRARY = "libc++";
				CLANG_ENABLE_MODULES = YES;
				CLANG_ENABLE_OBJC_ARC = YES;
				CLANG_WARN_BLOCK_CAPTURE_AUTORELEASING = YES;
				CLANG_WARN_BOOL_CONVERSION = YES;
				CLANG_WARN_COMMA = YES;
				CLANG_WARN_CONSTANT_CONVERSION = YES;
				CLANG_WARN_DIRECT_OBJC_ISA_USAGE = YES_ERROR;
				CLANG_WARN_DOCUMENTATION_COMMENTS = YES;
				CLANG_WARN_EMPTY_BODY = YES;
				CLANG_WARN_ENUM_CONVERSION = YES;
				CLANG_WARN_INFINITE_RECURSION = YES;
				CLANG_WARN_INT_CONVERSION = YES;
				CLANG_WARN_NON_LITERAL_NULL_CONVERSION = YES;
				CLANG_WARN_OBJC_LITERAL_CONVERSION = YES;
				CLANG_WARN_OBJC_ROOT_CLASS = YES_ERROR;
				CLANG_WARN_RANGE_LOOP_ANALYSIS = YES;
				CLANG_WARN_STRICT_PROTOTYPES = YES;
				CLANG_WARN_SUSPICIOUS_MOVE = YES;
				CLANG_WARN_UNGUARDED_AVAILABILITY = YES_AGGRESSIVE;
				CLANG_WARN_UNREACHABLE_CODE = YES;
				CLANG_WARN__DUPLICATE_METHOD_MATCH = YES;
				CODE_SIGN_IDENTITY = "iPhone Developer";
				COPY_PHASE_STRIP = NO;
				DEBUG_INFORMATION_FORMAT = "dwarf-with-dsym";
				ENABLE_NS_ASSERTIONS = NO;
				ENABLE_STRICT_OBJC_MSGSEND = YES;
				GCC_C_LANGUAGE_STANDARD = gnu11;
				GCC_NO_COMMON_BLOCKS = YES;
				GCC_WARN_64_TO_32_BIT_CONVERSION = YES;
				GCC_WARN_ABOUT_RETURN_TYPE = YES_ERROR;
				GCC_WARN_UNDECLARED_SELECTOR = YES;
				GCC_WARN_UNINITIALIZED_AUTOS = YES_AGGRESSIVE;
				GCC_WARN_UNUSED_FUNCTION = YES;
				GCC_WARN_UNUSED_VARIABLE = YES;
				IPHONEOS_DEPLOYMENT_TARGET = 11.2;
				MTL_ENABLE_DEBUG_INFO = NO;
				SDKROOT = iphoneos;
				SWIFT_OPTIMIZATION_LEVEL = "-Owholemodule";
				VALIDATE_PRODUCT = YES;
			};
			name = Release;
		};
		3B58D3232168DCE8000041EE /* Debug */ = {
			isa = XCBuildConfiguration;
			baseConfigurationReference = 78DFA8D25F36A48F1286D3C9 /* Pods-InstaShop.debug.xcconfig */;
			buildSettings = {
				ASSETCATALOG_COMPILER_APPICON_NAME = AppIcon;
				CODE_SIGN_STYLE = Automatic;
				DEVELOPMENT_TEAM = K685D8R3WX;
				INFOPLIST_FILE = InstaShop/Info.plist;
				IPHONEOS_DEPLOYMENT_TARGET = 10.0;
				LD_RUNPATH_SEARCH_PATHS = "$(inherited) @executable_path/Frameworks";
				PRODUCT_BUNDLE_IDENTIFIER = com.devPlus.InstaShop;
				PRODUCT_NAME = "$(TARGET_NAME)";
				SWIFT_VERSION = 4.0;
				TARGETED_DEVICE_FAMILY = 1;
			};
			name = Debug;
		};
		3B58D3242168DCE8000041EE /* Release */ = {
			isa = XCBuildConfiguration;
			baseConfigurationReference = AD8280C117EEE7BABF2F32BA /* Pods-InstaShop.release.xcconfig */;
			buildSettings = {
				ASSETCATALOG_COMPILER_APPICON_NAME = AppIcon;
				CODE_SIGN_STYLE = Automatic;
				DEVELOPMENT_TEAM = K685D8R3WX;
				INFOPLIST_FILE = InstaShop/Info.plist;
				IPHONEOS_DEPLOYMENT_TARGET = 10.0;
				LD_RUNPATH_SEARCH_PATHS = "$(inherited) @executable_path/Frameworks";
				PRODUCT_BUNDLE_IDENTIFIER = com.devPlus.InstaShop;
				PRODUCT_NAME = "$(TARGET_NAME)";
				SWIFT_VERSION = 4.0;
				TARGETED_DEVICE_FAMILY = 1;
			};
			name = Release;
		};
/* End XCBuildConfiguration section */

/* Begin XCConfigurationList section */
		3B58D3082168DCE7000041EE /* Build configuration list for PBXProject "InstaShop" */ = {
			isa = XCConfigurationList;
			buildConfigurations = (
				3B58D3202168DCE8000041EE /* Debug */,
				3B58D3212168DCE8000041EE /* Release */,
			);
			defaultConfigurationIsVisible = 0;
			defaultConfigurationName = Release;
		};
		3B58D3222168DCE8000041EE /* Build configuration list for PBXNativeTarget "InstaShop" */ = {
			isa = XCConfigurationList;
			buildConfigurations = (
				3B58D3232168DCE8000041EE /* Debug */,
				3B58D3242168DCE8000041EE /* Release */,
			);
			defaultConfigurationIsVisible = 0;
			defaultConfigurationName = Release;
		};
/* End XCConfigurationList section */

/* Begin XCVersionGroup section */
		3B58D3172168DCE7000041EE /* InstaShop.xcdatamodeld */ = {
			isa = XCVersionGroup;
			children = (
				3B58D3182168DCE7000041EE /* InstaShop.xcdatamodel */,
			);
			currentVersion = 3B58D3182168DCE7000041EE /* InstaShop.xcdatamodel */;
			path = InstaShop.xcdatamodeld;
			sourceTree = "<group>";
			versionGroupType = wrapper.xcdatamodel;
		};
/* End XCVersionGroup section */
	};
	rootObject = 3B58D3052168DCE7000041EE /* Project object */;
}
