PODS:
  - Alamofire (4.7.1)
  - DLRadioButton (1.4.11)
  - LGSideMenuController (2.1.1)
  - ObjectMapper (3.3.0)

DEPENDENCIES:
  - Alamofire (~> 4.7)
  - DLRadioButton (~> 1.4)
  - LGSideMenuController
  - ObjectMapper (~> 3.3)

SPEC REPOS:
  https://github.com/cocoapods/specs.git:
    - Alamofire
    - DLRadioButton
    - LGSideMenuController
    - ObjectMapper

SPEC CHECKSUMS:
  Alamofire: 68d7d521118d49c615a8d2214d87cdf525599d30
  DLRadioButton: 0d04b8259e7bfd886571a1e9173c73fee7118f50
  LGSideMenuController: ae40c80983ab8b8801c7cef0a6804d43aaa72d45
  ObjectMapper: b612bf8c8e99c4dc0bb6013a51f7c27966ed5da9

PODFILE CHECKSUM: 6ac018d0bc17e39eac533961ad64ad37db798331

COCOAPODS: 1.5.3
